
Microsoft Visual Studio Solution File, Format Version 12.00
# Visual Studio Version 17
VisualStudioVersion = 17.14.36310.24
MinimumVisualStudioVersion = 10.0.40219.1
Project("{FAE04EC0-301F-11D3-BF4B-00C04F79EFBC}") = "PitchDetect", "PitchDetect\PitchDetect.csproj", "{730929C1-18EA-1E79-FA63-82AFC9603BDB}"
EndProject
Global
	GlobalSection(SolutionConfigurationPlatforms) = preSolution
		Debug|Any CPU = Debug|Any CPU
		Release|Any CPU = Release|Any CPU
	EndGlobalSection
	GlobalSection(ProjectConfigurationPlatforms) = postSolution
		{730929C1-18EA-1E79-FA63-82AFC9603BDB}.Debug|Any CPU.ActiveCfg = Debug|Any CPU
		{730929C1-18EA-1E79-FA63-82AFC9603BDB}.Debug|Any CPU.Build.0 = Debug|Any CPU
		{730929C1-18EA-1E79-FA63-82AFC9603BDB}.Release|Any CPU.ActiveCfg = Release|Any CPU
		{730929C1-18EA-1E79-FA63-82AFC9603BDB}.Release|Any CPU.Build.0 = Release|Any CPU
	EndGlobalSection
	GlobalSection(SolutionProperties) = preSolution
		HideSolutionNode = FALSE
	EndGlobalSection
	GlobalSection(ExtensibilityGlobals) = postSolution
		SolutionGuid = {036DCF7F-54E2-4394-ACAC-72D8B77BDD8A}
	EndGlobalSection
EndGlobal
